
Microsoft Visual Studio Solution File, Format Version 12.00
# Visual Studio 15
VisualStudioVersion = 15.0.28307.572
MinimumVisualStudioVersion = 10.0.40219.1
Project("{FAE04EC0-301F-11D3-BF4B-00C04F79EFBC}") = "PokeChooser", "PokeChooser\PokeChooser.csproj", "{B7ACC7BD-42C9-4220-9B40-0AE463C9BDA7}"
EndProject
Global
	GlobalSection(SolutionConfigurationPlatforms) = preSolution
		Debug|Any CPU = Debug|Any CPU
		Release|Any CPU = Release|Any CPU
	EndGlobalSection
	GlobalSection(ProjectConfigurationPlatforms) = postSolution
		{B7ACC7BD-42C9-4220-9B40-0AE463C9BDA7}.Debug|Any CPU.ActiveCfg = Debug|Any CPU
		{B7ACC7BD-42C9-4220-9B40-0AE463C9BDA7}.Debug|Any CPU.Build.0 = Debug|Any CPU
		{B7ACC7BD-42C9-4220-9B40-0AE463C9BDA7}.Release|Any CPU.ActiveCfg = Release|Any CPU
		{B7ACC7BD-42C9-4220-9B40-0AE463C9BDA7}.Release|Any CPU.Build.0 = Release|Any CPU
	EndGlobalSection
	GlobalSection(SolutionProperties) = preSolution
		HideSolutionNode = FALSE
	EndGlobalSection
	GlobalSection(ExtensibilityGlobals) = postSolution
		SolutionGuid = {B23DAEB0-5639-461F-A1E8-BCA643BA1A8E}
	EndGlobalSection
EndGlobal
